// !$*UTF8*$!
{
	archiveVersion = 1;
	classes = {
	};
	objectVersion = 50;
	objects = {

/* Begin PBXBuildFile section */
		1517C360CAA3D3A915DB0891 /* Pods_Effective_Goggles.framework in Frameworks */ = {isa = PBXBuildFile; fileRef = 0E10D900B0554745E48CB8AC /* Pods_Effective_Goggles.framework */; };
		54E737036A87E21AD011C7F9 /* Pods_Effective_GogglesTests.framework in Frameworks */ = {isa = PBXBuildFile; fileRef = E0F5470241D2F769A80597D0 /* Pods_Effective_GogglesTests.framework */; };
		9BB088D213581B53B9AE786A /* Pods_Effective_GogglesUITests.framework in Frameworks */ = {isa = PBXBuildFile; fileRef = B6DB2BE57D5783F8AF508F29 /* Pods_Effective_GogglesUITests.framework */; };
		D31A6C34214AC3590085FA42 /* BaseViewController.swift in Sources */ = {isa = PBXBuildFile; fileRef = D31A6C33214AC3590085FA42 /* BaseViewController.swift */; };
		D31A6C36214AC3830085FA42 /* EventManager.swift in Sources */ = {isa = PBXBuildFile; fileRef = D31A6C35214AC3830085FA42 /* EventManager.swift */; };
		D31A6C38214AC49C0085FA42 /* ScannerViewController.swift in Sources */ = {isa = PBXBuildFile; fileRef = D31A6C37214AC49C0085FA42 /* ScannerViewController.swift */; };
		D31A6C3A214AC6140085FA42 /* Secrets.swift in Sources */ = {isa = PBXBuildFile; fileRef = D31A6C39214AC6140085FA42 /* Secrets.swift */; };
		D382A4732149CE80000D287A /* AppDelegate.swift in Sources */ = {isa = PBXBuildFile; fileRef = D382A4722149CE80000D287A /* AppDelegate.swift */; };
		D382A4752149CE81000D287A /* ViewController.swift in Sources */ = {isa = PBXBuildFile; fileRef = D382A4742149CE81000D287A /* ViewController.swift */; };
		D382A4782149CE81000D287A /* Main.storyboard in Resources */ = {isa = PBXBuildFile; fileRef = D382A4762149CE81000D287A /* Main.storyboard */; };
		D382A47A2149CE82000D287A /* Assets.xcassets in Resources */ = {isa = PBXBuildFile; fileRef = D382A4792149CE82000D287A /* Assets.xcassets */; };
		D382A47D2149CE82000D287A /* LaunchScreen.storyboard in Resources */ = {isa = PBXBuildFile; fileRef = D382A47B2149CE82000D287A /* LaunchScreen.storyboard */; };
		D382A4882149CE82000D287A /* Effective_GogglesTests.swift in Sources */ = {isa = PBXBuildFile; fileRef = D382A4872149CE82000D287A /* Effective_GogglesTests.swift */; };
		D382A4932149CE82000D287A /* Effective_GogglesUITests.swift in Sources */ = {isa = PBXBuildFile; fileRef = D382A4922149CE82000D287A /* Effective_GogglesUITests.swift */; };
/* End PBXBuildFile section */

/* Begin PBXContainerItemProxy section */
		D382A4842149CE82000D287A /* PBXContainerItemProxy */ = {
			isa = PBXContainerItemProxy;
			containerPortal = D382A4672149CE80000D287A /* Project object */;
			proxyType = 1;
			remoteGlobalIDString = D382A46E2149CE80000D287A;
			remoteInfo = "Effective Goggles";
		};
		D382A48F2149CE82000D287A /* PBXContainerItemProxy */ = {
			isa = PBXContainerItemProxy;
			containerPortal = D382A4672149CE80000D287A /* Project object */;
			proxyType = 1;
			remoteGlobalIDString = D382A46E2149CE80000D287A;
			remoteInfo = "Effective Goggles";
		};
/* End PBXContainerItemProxy section */

/* Begin PBXFileReference section */
		0E10D900B0554745E48CB8AC /* Pods_Effective_Goggles.framework */ = {isa = PBXFileReference; explicitFileType = wrapper.framework; includeInIndex = 0; path = Pods_Effective_Goggles.framework; sourceTree = BUILT_PRODUCTS_DIR; };
		1597160B1CB23B871AE93470 /* Pods-Effective GogglesTests.debug.xcconfig */ = {isa = PBXFileReference; includeInIndex = 1; lastKnownFileType = text.xcconfig; name = "Pods-Effective GogglesTests.debug.xcconfig"; path = "Pods/Target Support Files/Pods-Effective GogglesTests/Pods-Effective GogglesTests.debug.xcconfig"; sourceTree = "<group>"; };
		27F0A90BBC0A66F43D8F3868 /* Pods-Effective Goggles.debug.xcconfig */ = {isa = PBXFileReference; includeInIndex = 1; lastKnownFileType = text.xcconfig; name = "Pods-Effective Goggles.debug.xcconfig"; path = "Pods/Target Support Files/Pods-Effective Goggles/Pods-Effective Goggles.debug.xcconfig"; sourceTree = "<group>"; };
		94598B0412CBF4695C0FDE7C /* Pods-Effective GogglesUITests.debug.xcconfig */ = {isa = PBXFileReference; includeInIndex = 1; lastKnownFileType = text.xcconfig; name = "Pods-Effective GogglesUITests.debug.xcconfig"; path = "Pods/Target Support Files/Pods-Effective GogglesUITests/Pods-Effective GogglesUITests.debug.xcconfig"; sourceTree = "<group>"; };
		B6DB2BE57D5783F8AF508F29 /* Pods_Effective_GogglesUITests.framework */ = {isa = PBXFileReference; explicitFileType = wrapper.framework; includeInIndex = 0; path = Pods_Effective_GogglesUITests.framework; sourceTree = BUILT_PRODUCTS_DIR; };
		C65566F10F9B9656DA50447E /* Pods-Effective Goggles.release.xcconfig */ = {isa = PBXFileReference; includeInIndex = 1; lastKnownFileType = text.xcconfig; name = "Pods-Effective Goggles.release.xcconfig"; path = "Pods/Target Support Files/Pods-Effective Goggles/Pods-Effective Goggles.release.xcconfig"; sourceTree = "<group>"; };
		CA8036856E83EC2306B0A656 /* Pods-Effective GogglesTests.release.xcconfig */ = {isa = PBXFileReference; includeInIndex = 1; lastKnownFileType = text.xcconfig; name = "Pods-Effective GogglesTests.release.xcconfig"; path = "Pods/Target Support Files/Pods-Effective GogglesTests/Pods-Effective GogglesTests.release.xcconfig"; sourceTree = "<group>"; };
		D31A6C33214AC3590085FA42 /* BaseViewController.swift */ = {isa = PBXFileReference; lastKnownFileType = sourcecode.swift; path = BaseViewController.swift; sourceTree = "<group>"; };
		D31A6C35214AC3830085FA42 /* EventManager.swift */ = {isa = PBXFileReference; lastKnownFileType = sourcecode.swift; path = EventManager.swift; sourceTree = "<group>"; };
		D31A6C37214AC49C0085FA42 /* ScannerViewController.swift */ = {isa = PBXFileReference; lastKnownFileType = sourcecode.swift; path = ScannerViewController.swift; sourceTree = "<group>"; };
		D31A6C39214AC6140085FA42 /* Secrets.swift */ = {isa = PBXFileReference; lastKnownFileType = sourcecode.swift; path = Secrets.swift; sourceTree = "<group>"; };
		D382A46F2149CE80000D287A /* Effective Goggles.app */ = {isa = PBXFileReference; explicitFileType = wrapper.application; includeInIndex = 0; path = "Effective Goggles.app"; sourceTree = BUILT_PRODUCTS_DIR; };
		D382A4722149CE80000D287A /* AppDelegate.swift */ = {isa = PBXFileReference; lastKnownFileType = sourcecode.swift; path = AppDelegate.swift; sourceTree = "<group>"; };
		D382A4742149CE81000D287A /* ViewController.swift */ = {isa = PBXFileReference; lastKnownFileType = sourcecode.swift; path = ViewController.swift; sourceTree = "<group>"; };
		D382A4772149CE81000D287A /* Base */ = {isa = PBXFileReference; lastKnownFileType = file.storyboard; name = Base; path = Base.lproj/Main.storyboard; sourceTree = "<group>"; };
		D382A4792149CE82000D287A /* Assets.xcassets */ = {isa = PBXFileReference; lastKnownFileType = folder.assetcatalog; path = Assets.xcassets; sourceTree = "<group>"; };
		D382A47C2149CE82000D287A /* Base */ = {isa = PBXFileReference; lastKnownFileType = file.storyboard; name = Base; path = Base.lproj/LaunchScreen.storyboard; sourceTree = "<group>"; };
		D382A47E2149CE82000D287A /* Info.plist */ = {isa = PBXFileReference; lastKnownFileType = text.plist.xml; path = Info.plist; sourceTree = "<group>"; };
		D382A4832149CE82000D287A /* Effective GogglesTests.xctest */ = {isa = PBXFileReference; explicitFileType = wrapper.cfbundle; includeInIndex = 0; path = "Effective GogglesTests.xctest"; sourceTree = BUILT_PRODUCTS_DIR; };
		D382A4872149CE82000D287A /* Effective_GogglesTests.swift */ = {isa = PBXFileReference; lastKnownFileType = sourcecode.swift; path = Effective_GogglesTests.swift; sourceTree = "<group>"; };
		D382A4892149CE82000D287A /* Info.plist */ = {isa = PBXFileReference; lastKnownFileType = text.plist.xml; path = Info.plist; sourceTree = "<group>"; };
		D382A48E2149CE82000D287A /* Effective GogglesUITests.xctest */ = {isa = PBXFileReference; explicitFileType = wrapper.cfbundle; includeInIndex = 0; path = "Effective GogglesUITests.xctest"; sourceTree = BUILT_PRODUCTS_DIR; };
		D382A4922149CE82000D287A /* Effective_GogglesUITests.swift */ = {isa = PBXFileReference; lastKnownFileType = sourcecode.swift; path = Effective_GogglesUITests.swift; sourceTree = "<group>"; };
		D382A4942149CE82000D287A /* Info.plist */ = {isa = PBXFileReference; lastKnownFileType = text.plist.xml; path = Info.plist; sourceTree = "<group>"; };
		DBDD3607E208D59498683A49 /* Pods-Effective GogglesUITests.release.xcconfig */ = {isa = PBXFileReference; includeInIndex = 1; lastKnownFileType = text.xcconfig; name = "Pods-Effective GogglesUITests.release.xcconfig"; path = "Pods/Target Support Files/Pods-Effective GogglesUITests/Pods-Effective GogglesUITests.release.xcconfig"; sourceTree = "<group>"; };
		E0F5470241D2F769A80597D0 /* Pods_Effective_GogglesTests.framework */ = {isa = PBXFileReference; explicitFileType = wrapper.framework; includeInIndex = 0; path = Pods_Effective_GogglesTests.framework; sourceTree = BUILT_PRODUCTS_DIR; };
/* End PBXFileReference section */

/* Begin PBXFrameworksBuildPhase section */
		D382A46C2149CE80000D287A /* Frameworks */ = {
			isa = PBXFrameworksBuildPhase;
			buildActionMask = 2147483647;
			files = (
				1517C360CAA3D3A915DB0891 /* Pods_Effective_Goggles.framework in Frameworks */,
			);
			runOnlyForDeploymentPostprocessing = 0;
		};
		D382A4802149CE82000D287A /* Frameworks */ = {
			isa = PBXFrameworksBuildPhase;
			buildActionMask = 2147483647;
			files = (
				54E737036A87E21AD011C7F9 /* Pods_Effective_GogglesTests.framework in Frameworks */,
			);
			runOnlyForDeploymentPostprocessing = 0;
		};
		D382A48B2149CE82000D287A /* Frameworks */ = {
			isa = PBXFrameworksBuildPhase;
			buildActionMask = 2147483647;
			files = (
				9BB088D213581B53B9AE786A /* Pods_Effective_GogglesUITests.framework in Frameworks */,
			);
			runOnlyForDeploymentPostprocessing = 0;
		};
/* End PBXFrameworksBuildPhase section */

/* Begin PBXGroup section */
		8462B50A167E27C1160BCE67 /* Frameworks */ = {
			isa = PBXGroup;
			children = (
				0E10D900B0554745E48CB8AC /* Pods_Effective_Goggles.framework */,
				E0F5470241D2F769A80597D0 /* Pods_Effective_GogglesTests.framework */,
				B6DB2BE57D5783F8AF508F29 /* Pods_Effective_GogglesUITests.framework */,
			);
			name = Frameworks;
			sourceTree = "<group>";
		};
		C9076DB0DB2E749E90555549 /* Pods */ = {
			isa = PBXGroup;
			children = (
				27F0A90BBC0A66F43D8F3868 /* Pods-Effective Goggles.debug.xcconfig */,
				C65566F10F9B9656DA50447E /* Pods-Effective Goggles.release.xcconfig */,
				1597160B1CB23B871AE93470 /* Pods-Effective GogglesTests.debug.xcconfig */,
				CA8036856E83EC2306B0A656 /* Pods-Effective GogglesTests.release.xcconfig */,
				94598B0412CBF4695C0FDE7C /* Pods-Effective GogglesUITests.debug.xcconfig */,
				DBDD3607E208D59498683A49 /* Pods-Effective GogglesUITests.release.xcconfig */,
			);
			name = Pods;
			sourceTree = "<group>";
		};
		D382A4662149CE80000D287A = {
			isa = PBXGroup;
			children = (
				D382A4712149CE80000D287A /* Effective Goggles */,
				D382A4862149CE82000D287A /* Effective GogglesTests */,
				D382A4912149CE82000D287A /* Effective GogglesUITests */,
				D382A4702149CE80000D287A /* Products */,
				C9076DB0DB2E749E90555549 /* Pods */,
				8462B50A167E27C1160BCE67 /* Frameworks */,
			);
			sourceTree = "<group>";
		};
		D382A4702149CE80000D287A /* Products */ = {
			isa = PBXGroup;
			children = (
				D382A46F2149CE80000D287A /* Effective Goggles.app */,
				D382A4832149CE82000D287A /* Effective GogglesTests.xctest */,
				D382A48E2149CE82000D287A /* Effective GogglesUITests.xctest */,
			);
			name = Products;
			sourceTree = "<group>";
		};
		D382A4712149CE80000D287A /* Effective Goggles */ = {
			isa = PBXGroup;
			children = (
				D382A4722149CE80000D287A /* AppDelegate.swift */,
				D382A4742149CE81000D287A /* ViewController.swift */,
				D382A4762149CE81000D287A /* Main.storyboard */,
				D382A4792149CE82000D287A /* Assets.xcassets */,
				D382A47B2149CE82000D287A /* LaunchScreen.storyboard */,
				D382A47E2149CE82000D287A /* Info.plist */,
				D31A6C33214AC3590085FA42 /* BaseViewController.swift */,
				D31A6C35214AC3830085FA42 /* EventManager.swift */,
				D31A6C37214AC49C0085FA42 /* ScannerViewController.swift */,
				D31A6C39214AC6140085FA42 /* Secrets.swift */,
			);
			path = "Effective Goggles";
			sourceTree = "<group>";
		};
		D382A4862149CE82000D287A /* Effective GogglesTests */ = {
			isa = PBXGroup;
			children = (
				D382A4872149CE82000D287A /* Effective_GogglesTests.swift */,
				D382A4892149CE82000D287A /* Info.plist */,
			);
			path = "Effective GogglesTests";
			sourceTree = "<group>";
		};
		D382A4912149CE82000D287A /* Effective GogglesUITests */ = {
			isa = PBXGroup;
			children = (
				D382A4922149CE82000D287A /* Effective_GogglesUITests.swift */,
				D382A4942149CE82000D287A /* Info.plist */,
			);
			path = "Effective GogglesUITests";
			sourceTree = "<group>";
		};
/* End PBXGroup section */

/* Begin PBXNativeTarget section */
		D382A46E2149CE80000D287A /* Effective Goggles */ = {
			isa = PBXNativeTarget;
			buildConfigurationList = D382A4972149CE82000D287A /* Build configuration list for PBXNativeTarget "Effective Goggles" */;
			buildPhases = (
				F634E4F5A0327B660318EB9F /* [CP] Check Pods Manifest.lock */,
				D382A46B2149CE80000D287A /* Sources */,
				D382A46C2149CE80000D287A /* Frameworks */,
				D382A46D2149CE80000D287A /* Resources */,
				E0FC02FF5A9A5A554F043C58 /* [CP] Embed Pods Frameworks */,
			);
			buildRules = (
			);
			dependencies = (
			);
			name = "Effective Goggles";
			productName = "Effective Goggles";
			productReference = D382A46F2149CE80000D287A /* Effective Goggles.app */;
			productType = "com.apple.product-type.application";
		};
		D382A4822149CE82000D287A /* Effective GogglesTests */ = {
			isa = PBXNativeTarget;
			buildConfigurationList = D382A49A2149CE82000D287A /* Build configuration list for PBXNativeTarget "Effective GogglesTests" */;
			buildPhases = (
				F7AC1A680DCF43920499E845 /* [CP] Check Pods Manifest.lock */,
				D382A47F2149CE82000D287A /* Sources */,
				D382A4802149CE82000D287A /* Frameworks */,
				D382A4812149CE82000D287A /* Resources */,
			);
			buildRules = (
			);
			dependencies = (
				D382A4852149CE82000D287A /* PBXTargetDependency */,
			);
			name = "Effective GogglesTests";
			productName = "Effective GogglesTests";
			productReference = D382A4832149CE82000D287A /* Effective GogglesTests.xctest */;
			productType = "com.apple.product-type.bundle.unit-test";
		};
		D382A48D2149CE82000D287A /* Effective GogglesUITests */ = {
			isa = PBXNativeTarget;
			buildConfigurationList = D382A49D2149CE82000D287A /* Build configuration list for PBXNativeTarget "Effective GogglesUITests" */;
			buildPhases = (
				305863D059F550220F1FCFD3 /* [CP] Check Pods Manifest.lock */,
				D382A48A2149CE82000D287A /* Sources */,
				D382A48B2149CE82000D287A /* Frameworks */,
				D382A48C2149CE82000D287A /* Resources */,
			);
			buildRules = (
			);
			dependencies = (
				D382A4902149CE82000D287A /* PBXTargetDependency */,
			);
			name = "Effective GogglesUITests";
			productName = "Effective GogglesUITests";
			productReference = D382A48E2149CE82000D287A /* Effective GogglesUITests.xctest */;
			productType = "com.apple.product-type.bundle.ui-testing";
		};
/* End PBXNativeTarget section */

/* Begin PBXProject section */
		D382A4672149CE80000D287A /* Project object */ = {
			isa = PBXProject;
			attributes = {
				LastSwiftUpdateCheck = 1000;
				LastUpgradeCheck = 1000;
				ORGANIZATIONNAME = "Yasha Mostofi";
				TargetAttributes = {
					D382A46E2149CE80000D287A = {
						CreatedOnToolsVersion = 10.0;
					};
					D382A4822149CE82000D287A = {
						CreatedOnToolsVersion = 10.0;
						TestTargetID = D382A46E2149CE80000D287A;
					};
					D382A48D2149CE82000D287A = {
						CreatedOnToolsVersion = 10.0;
						TestTargetID = D382A46E2149CE80000D287A;
					};
				};
			};
			buildConfigurationList = D382A46A2149CE80000D287A /* Build configuration list for PBXProject "Effective Goggles" */;
			compatibilityVersion = "Xcode 9.3";
			developmentRegion = en;
			hasScannedForEncodings = 0;
			knownRegions = (
				en,
				Base,
			);
			mainGroup = D382A4662149CE80000D287A;
			productRefGroup = D382A4702149CE80000D287A /* Products */;
			projectDirPath = "";
			projectRoot = "";
			targets = (
				D382A46E2149CE80000D287A /* Effective Goggles */,
				D382A4822149CE82000D287A /* Effective GogglesTests */,
				D382A48D2149CE82000D287A /* Effective GogglesUITests */,
			);
		};
/* End PBXProject section */

/* Begin PBXResourcesBuildPhase section */
		D382A46D2149CE80000D287A /* Resources */ = {
			isa = PBXResourcesBuildPhase;
			buildActionMask = 2147483647;
			files = (
				D382A47D2149CE82000D287A /* LaunchScreen.storyboard in Resources */,
				D382A47A2149CE82000D287A /* Assets.xcassets in Resources */,
				D382A4782149CE81000D287A /* Main.storyboard in Resources */,
			);
			runOnlyForDeploymentPostprocessing = 0;
		};
		D382A4812149CE82000D287A /* Resources */ = {
			isa = PBXResourcesBuildPhase;
			buildActionMask = 2147483647;
			files = (
			);
			runOnlyForDeploymentPostprocessing = 0;
		};
		D382A48C2149CE82000D287A /* Resources */ = {
			isa = PBXResourcesBuildPhase;
			buildActionMask = 2147483647;
			files = (
			);
			runOnlyForDeploymentPostprocessing = 0;
		};
/* End PBXResourcesBuildPhase section */

/* Begin PBXShellScriptBuildPhase section */
		305863D059F550220F1FCFD3 /* [CP] Check Pods Manifest.lock */ = {
			isa = PBXShellScriptBuildPhase;
			buildActionMask = 2147483647;
			files = (
			);
			inputFileListPaths = (
			);
			inputPaths = (
				"${PODS_PODFILE_DIR_PATH}/Podfile.lock",
				"${PODS_ROOT}/Manifest.lock",
			);
			name = "[CP] Check Pods Manifest.lock";
			outputFileListPaths = (
			);
			outputPaths = (
				"$(DERIVED_FILE_DIR)/Pods-Effective GogglesUITests-checkManifestLockResult.txt",
			);
			runOnlyForDeploymentPostprocessing = 0;
			shellPath = /bin/sh;
			shellScript = "diff \"${PODS_PODFILE_DIR_PATH}/Podfile.lock\" \"${PODS_ROOT}/Manifest.lock\" > /dev/null\nif [ $? != 0 ] ; then\n    # print error to STDERR\n    echo \"error: The sandbox is not in sync with the Podfile.lock. Run 'pod install' or update your CocoaPods installation.\" >&2\n    exit 1\nfi\n# This output is used by Xcode 'outputs' to avoid re-running this script phase.\necho \"SUCCESS\" > \"${SCRIPT_OUTPUT_FILE_0}\"\n";
			showEnvVarsInLog = 0;
		};
		E0FC02FF5A9A5A554F043C58 /* [CP] Embed Pods Frameworks */ = {
			isa = PBXShellScriptBuildPhase;
			buildActionMask = 2147483647;
			files = (
			);
			inputFileListPaths = (
			);
			inputPaths = (
				"${SRCROOT}/Pods/Target Support Files/Pods-Effective Goggles/Pods-Effective Goggles-frameworks.sh",
				"${BUILT_PRODUCTS_DIR}/APIManager/APIManager.framework",
				"${BUILT_PRODUCTS_DIR}/Alamofire/Alamofire.framework",
				"${BUILT_PRODUCTS_DIR}/SwiftyJSON/SwiftyJSON.framework",
			);
			name = "[CP] Embed Pods Frameworks";
			outputFileListPaths = (
			);
			outputPaths = (
				"${TARGET_BUILD_DIR}/${FRAMEWORKS_FOLDER_PATH}/APIManager.framework",
				"${TARGET_BUILD_DIR}/${FRAMEWORKS_FOLDER_PATH}/Alamofire.framework",
				"${TARGET_BUILD_DIR}/${FRAMEWORKS_FOLDER_PATH}/SwiftyJSON.framework",
			);
			runOnlyForDeploymentPostprocessing = 0;
			shellPath = /bin/sh;
			shellScript = "\"${SRCROOT}/Pods/Target Support Files/Pods-Effective Goggles/Pods-Effective Goggles-frameworks.sh\"\n";
			showEnvVarsInLog = 0;
		};
		F634E4F5A0327B660318EB9F /* [CP] Check Pods Manifest.lock */ = {
			isa = PBXShellScriptBuildPhase;
			buildActionMask = 2147483647;
			files = (
			);
			inputFileListPaths = (
			);
			inputPaths = (
				"${PODS_PODFILE_DIR_PATH}/Podfile.lock",
				"${PODS_ROOT}/Manifest.lock",
			);
			name = "[CP] Check Pods Manifest.lock";
			outputFileListPaths = (
			);
			outputPaths = (
				"$(DERIVED_FILE_DIR)/Pods-Effective Goggles-checkManifestLockResult.txt",
			);
			runOnlyForDeploymentPostprocessing = 0;
			shellPath = /bin/sh;
			shellScript = "diff \"${PODS_PODFILE_DIR_PATH}/Podfile.lock\" \"${PODS_ROOT}/Manifest.lock\" > /dev/null\nif [ $? != 0 ] ; then\n    # print error to STDERR\n    echo \"error: The sandbox is not in sync with the Podfile.lock. Run 'pod install' or update your CocoaPods installation.\" >&2\n    exit 1\nfi\n# This output is used by Xcode 'outputs' to avoid re-running this script phase.\necho \"SUCCESS\" > \"${SCRIPT_OUTPUT_FILE_0}\"\n";
			showEnvVarsInLog = 0;
		};
		F7AC1A680DCF43920499E845 /* [CP] Check Pods Manifest.lock */ = {
			isa = PBXShellScriptBuildPhase;
			buildActionMask = 2147483647;
			files = (
			);
			inputFileListPaths = (
			);
			inputPaths = (
				"${PODS_PODFILE_DIR_PATH}/Podfile.lock",
				"${PODS_ROOT}/Manifest.lock",
			);
			name = "[CP] Check Pods Manifest.lock";
			outputFileListPaths = (
			);
			outputPaths = (
				"$(DERIVED_FILE_DIR)/Pods-Effective GogglesTests-checkManifestLockResult.txt",
			);
			runOnlyForDeploymentPostprocessing = 0;
			shellPath = /bin/sh;
			shellScript = "diff \"${PODS_PODFILE_DIR_PATH}/Podfile.lock\" \"${PODS_ROOT}/Manifest.lock\" > /dev/null\nif [ $? != 0 ] ; then\n    # print error to STDERR\n    echo \"error: The sandbox is not in sync with the Podfile.lock. Run 'pod install' or update your CocoaPods installation.\" >&2\n    exit 1\nfi\n# This output is used by Xcode 'outputs' to avoid re-running this script phase.\necho \"SUCCESS\" > \"${SCRIPT_OUTPUT_FILE_0}\"\n";
			showEnvVarsInLog = 0;
		};
/* End PBXShellScriptBuildPhase section */

/* Begin PBXSourcesBuildPhase section */
		D382A46B2149CE80000D287A /* Sources */ = {
			isa = PBXSourcesBuildPhase;
			buildActionMask = 2147483647;
			files = (
				D382A4752149CE81000D287A /* ViewController.swift in Sources */,
				D31A6C3A214AC6140085FA42 /* Secrets.swift in Sources */,
				D382A4732149CE80000D287A /* AppDelegate.swift in Sources */,
				D31A6C38214AC49C0085FA42 /* ScannerViewController.swift in Sources */,
				D31A6C36214AC3830085FA42 /* EventManager.swift in Sources */,
				D31A6C34214AC3590085FA42 /* BaseViewController.swift in Sources */,
			);
			runOnlyForDeploymentPostprocessing = 0;
		};
		D382A47F2149CE82000D287A /* Sources */ = {
			isa = PBXSourcesBuildPhase;
			buildActionMask = 2147483647;
			files = (
				D382A4882149CE82000D287A /* Effective_GogglesTests.swift in Sources */,
			);
			runOnlyForDeploymentPostprocessing = 0;
		};
		D382A48A2149CE82000D287A /* Sources */ = {
			isa = PBXSourcesBuildPhase;
			buildActionMask = 2147483647;
			files = (
				D382A4932149CE82000D287A /* Effective_GogglesUITests.swift in Sources */,
			);
			runOnlyForDeploymentPostprocessing = 0;
		};
/* End PBXSourcesBuildPhase section */

/* Begin PBXTargetDependency section */
		D382A4852149CE82000D287A /* PBXTargetDependency */ = {
			isa = PBXTargetDependency;
			target = D382A46E2149CE80000D287A /* Effective Goggles */;
			targetProxy = D382A4842149CE82000D287A /* PBXContainerItemProxy */;
		};
		D382A4902149CE82000D287A /* PBXTargetDependency */ = {
			isa = PBXTargetDependency;
			target = D382A46E2149CE80000D287A /* Effective Goggles */;
			targetProxy = D382A48F2149CE82000D287A /* PBXContainerItemProxy */;
		};
/* End PBXTargetDependency section */

/* Begin PBXVariantGroup section */
		D382A4762149CE81000D287A /* Main.storyboard */ = {
			isa = PBXVariantGroup;
			children = (
				D382A4772149CE81000D287A /* Base */,
			);
			name = Main.storyboard;
			sourceTree = "<group>";
		};
		D382A47B2149CE82000D287A /* LaunchScreen.storyboard */ = {
			isa = PBXVariantGroup;
			children = (
				D382A47C2149CE82000D287A /* Base */,
			);
			name = LaunchScreen.storyboard;
			sourceTree = "<group>";
		};
/* End PBXVariantGroup section */

/* Begin XCBuildConfiguration section */
		D382A4952149CE82000D287A /* Debug */ = {
			isa = XCBuildConfiguration;
			buildSettings = {
				ALWAYS_SEARCH_USER_PATHS = NO;
				CLANG_ANALYZER_NONNULL = YES;
				CLANG_ANALYZER_NUMBER_OBJECT_CONVERSION = YES_AGGRESSIVE;
				CLANG_CXX_LANGUAGE_STANDARD = "gnu++14";
				CLANG_CXX_LIBRARY = "libc++";
				CLANG_ENABLE_MODULES = YES;
				CLANG_ENABLE_OBJC_ARC = YES;
				CLANG_ENABLE_OBJC_WEAK = YES;
				CLANG_WARN_BLOCK_CAPTURE_AUTORELEASING = YES;
				CLANG_WARN_BOOL_CONVERSION = YES;
				CLANG_WARN_COMMA = YES;
				CLANG_WARN_CONSTANT_CONVERSION = YES;
				CLANG_WARN_DEPRECATED_OBJC_IMPLEMENTATIONS = YES;
				CLANG_WARN_DIRECT_OBJC_ISA_USAGE = YES_ERROR;
				CLANG_WARN_DOCUMENTATION_COMMENTS = YES;
				CLANG_WARN_EMPTY_BODY = YES;
				CLANG_WARN_ENUM_CONVERSION = YES;
				CLANG_WARN_INFINITE_RECURSION = YES;
				CLANG_WARN_INT_CONVERSION = YES;
				CLANG_WARN_NON_LITERAL_NULL_CONVERSION = YES;
				CLANG_WARN_OBJC_IMPLICIT_RETAIN_SELF = YES;
				CLANG_WARN_OBJC_LITERAL_CONVERSION = YES;
				CLANG_WARN_OBJC_ROOT_CLASS = YES_ERROR;
				CLANG_WARN_RANGE_LOOP_ANALYSIS = YES;
				CLANG_WARN_STRICT_PROTOTYPES = YES;
				CLANG_WARN_SUSPICIOUS_MOVE = YES;
				CLANG_WARN_UNGUARDED_AVAILABILITY = YES_AGGRESSIVE;
				CLANG_WARN_UNREACHABLE_CODE = YES;
				CLANG_WARN__DUPLICATE_METHOD_MATCH = YES;
				CODE_SIGN_IDENTITY = "iPhone Developer";
				COPY_PHASE_STRIP = NO;
				DEBUG_INFORMATION_FORMAT = dwarf;
				ENABLE_STRICT_OBJC_MSGSEND = YES;
				ENABLE_TESTABILITY = YES;
				GCC_C_LANGUAGE_STANDARD = gnu11;
				GCC_DYNAMIC_NO_PIC = NO;
				GCC_NO_COMMON_BLOCKS = YES;
				GCC_OPTIMIZATION_LEVEL = 0;
				GCC_PREPROCESSOR_DEFINITIONS = (
					"DEBUG=1",
					"$(inherited)",
				);
				GCC_WARN_64_TO_32_BIT_CONVERSION = YES;
				GCC_WARN_ABOUT_RETURN_TYPE = YES_ERROR;
				GCC_WARN_UNDECLARED_SELECTOR = YES;
				GCC_WARN_UNINITIALIZED_AUTOS = YES_AGGRESSIVE;
				GCC_WARN_UNUSED_FUNCTION = YES;
				GCC_WARN_UNUSED_VARIABLE = YES;
				IPHONEOS_DEPLOYMENT_TARGET = 12.0;
				MTL_ENABLE_DEBUG_INFO = INCLUDE_SOURCE;
				MTL_FAST_MATH = YES;
				ONLY_ACTIVE_ARCH = YES;
				SDKROOT = iphoneos;
				SWIFT_ACTIVE_COMPILATION_CONDITIONS = DEBUG;
				SWIFT_OPTIMIZATION_LEVEL = "-Onone";
			};
			name = Debug;
		};
		D382A4962149CE82000D287A /* Release */ = {
			isa = XCBuildConfiguration;
			buildSettings = {
				ALWAYS_SEARCH_USER_PATHS = NO;
				CLANG_ANALYZER_NONNULL = YES;
				CLANG_ANALYZER_NUMBER_OBJECT_CONVERSION = YES_AGGRESSIVE;
				CLANG_CXX_LANGUAGE_STANDARD = "gnu++14";
				CLANG_CXX_LIBRARY = "libc++";
				CLANG_ENABLE_MODULES = YES;
				CLANG_ENABLE_OBJC_ARC = YES;
				CLANG_ENABLE_OBJC_WEAK = YES;
				CLANG_WARN_BLOCK_CAPTURE_AUTORELEASING = YES;
				CLANG_WARN_BOOL_CONVERSION = YES;
				CLANG_WARN_COMMA = YES;
				CLANG_WARN_CONSTANT_CONVERSION = YES;
				CLANG_WARN_DEPRECATED_OBJC_IMPLEMENTATIONS = YES;
				CLANG_WARN_DIRECT_OBJC_ISA_USAGE = YES_ERROR;
				CLANG_WARN_DOCUMENTATION_COMMENTS = YES;
				CLANG_WARN_EMPTY_BODY = YES;
				CLANG_WARN_ENUM_CONVERSION = YES;
				CLANG_WARN_INFINITE_RECURSION = YES;
				CLANG_WARN_INT_CONVERSION = YES;
				CLANG_WARN_NON_LITERAL_NULL_CONVERSION = YES;
				CLANG_WARN_OBJC_IMPLICIT_RETAIN_SELF = YES;
				CLANG_WARN_OBJC_LITERAL_CONVERSION = YES;
				CLANG_WARN_OBJC_ROOT_CLASS = YES_ERROR;
				CLANG_WARN_RANGE_LOOP_ANALYSIS = YES;
				CLANG_WARN_STRICT_PROTOTYPES = YES;
				CLANG_WARN_SUSPICIOUS_MOVE = YES;
				CLANG_WARN_UNGUARDED_AVAILABILITY = YES_AGGRESSIVE;
				CLANG_WARN_UNREACHABLE_CODE = YES;
				CLANG_WARN__DUPLICATE_METHOD_MATCH = YES;
				CODE_SIGN_IDENTITY = "iPhone Developer";
				COPY_PHASE_STRIP = NO;
				DEBUG_INFORMATION_FORMAT = "dwarf-with-dsym";
				ENABLE_NS_ASSERTIONS = NO;
				ENABLE_STRICT_OBJC_MSGSEND = YES;
				GCC_C_LANGUAGE_STANDARD = gnu11;
				GCC_NO_COMMON_BLOCKS = YES;
				GCC_WARN_64_TO_32_BIT_CONVERSION = YES;
				GCC_WARN_ABOUT_RETURN_TYPE = YES_ERROR;
				GCC_WARN_UNDECLARED_SELECTOR = YES;
				GCC_WARN_UNINITIALIZED_AUTOS = YES_AGGRESSIVE;
				GCC_WARN_UNUSED_FUNCTION = YES;
				GCC_WARN_UNUSED_VARIABLE = YES;
				IPHONEOS_DEPLOYMENT_TARGET = 12.0;
				MTL_ENABLE_DEBUG_INFO = NO;
				MTL_FAST_MATH = YES;
				SDKROOT = iphoneos;
				SWIFT_COMPILATION_MODE = wholemodule;
				SWIFT_OPTIMIZATION_LEVEL = "-O";
				VALIDATE_PRODUCT = YES;
			};
			name = Release;
		};
		D382A4982149CE82000D287A /* Debug */ = {
			isa = XCBuildConfiguration;
			baseConfigurationReference = 27F0A90BBC0A66F43D8F3868 /* Pods-Effective Goggles.debug.xcconfig */;
			buildSettings = {
				ASSETCATALOG_COMPILER_APPICON_NAME = AppIcon;
				CODE_SIGN_STYLE = Automatic;
				DEVELOPMENT_TEAM = K37M6EZV7J;
				INFOPLIST_FILE = "Effective Goggles/Info.plist";
				LD_RUNPATH_SEARCH_PATHS = (
					"$(inherited)",
					"@executable_path/Frameworks",
				);
				PRODUCT_BUNDLE_IDENTIFIER = "com.yashamostofi.Effective-Goggles";
				PRODUCT_NAME = "$(TARGET_NAME)";
				SWIFT_VERSION = 4.2;
				TARGETED_DEVICE_FAMILY = "1,2";
			};
			name = Debug;
		};
		D382A4992149CE82000D287A /* Release */ = {
			isa = XCBuildConfiguration;
			baseConfigurationReference = C65566F10F9B9656DA50447E /* Pods-Effective Goggles.release.xcconfig */;
			buildSettings = {
				ASSETCATALOG_COMPILER_APPICON_NAME = AppIcon;
				CODE_SIGN_STYLE = Automatic;
				DEVELOPMENT_TEAM = K37M6EZV7J;
				INFOPLIST_FILE = "Effective Goggles/Info.plist";
				LD_RUNPATH_SEARCH_PATHS = (
					"$(inherited)",
					"@executable_path/Frameworks",
				);
				PRODUCT_BUNDLE_IDENTIFIER = "com.yashamostofi.Effective-Goggles";
				PRODUCT_NAME = "$(TARGET_NAME)";
				SWIFT_VERSION = 4.2;
				TARGETED_DEVICE_FAMILY = "1,2";
			};
			name = Release;
		};
		D382A49B2149CE82000D287A /* Debug */ = {
			isa = XCBuildConfiguration;
			baseConfigurationReference = 1597160B1CB23B871AE93470 /* Pods-Effective GogglesTests.debug.xcconfig */;
			buildSettings = {
				ALWAYS_EMBED_SWIFT_STANDARD_LIBRARIES = YES;
				BUNDLE_LOADER = "$(TEST_HOST)";
				CODE_SIGN_STYLE = Automatic;
				DEVELOPMENT_TEAM = K37M6EZV7J;
				INFOPLIST_FILE = "Effective GogglesTests/Info.plist";
				LD_RUNPATH_SEARCH_PATHS = (
					"$(inherited)",
					"@executable_path/Frameworks",
					"@loader_path/Frameworks",
				);
				PRODUCT_BUNDLE_IDENTIFIER = "com.yashamostofi.Effective-GogglesTests";
				PRODUCT_NAME = "$(TARGET_NAME)";
				SWIFT_VERSION = 4.2;
				TARGETED_DEVICE_FAMILY = "1,2";
				TEST_HOST = "$(BUILT_PRODUCTS_DIR)/Effective Goggles.app/Effective Goggles";
			};
			name = Debug;
		};
		D382A49C2149CE82000D287A /* Release */ = {
			isa = XCBuildConfiguration;
			baseConfigurationReference = CA8036856E83EC2306B0A656 /* Pods-Effective GogglesTests.release.xcconfig */;
			buildSettings = {
				ALWAYS_EMBED_SWIFT_STANDARD_LIBRARIES = YES;
				BUNDLE_LOADER = "$(TEST_HOST)";
				CODE_SIGN_STYLE = Automatic;
				DEVELOPMENT_TEAM = K37M6EZV7J;
				INFOPLIST_FILE = "Effective GogglesTests/Info.plist";
				LD_RUNPATH_SEARCH_PATHS = (
					"$(inherited)",
					"@executable_path/Frameworks",
					"@loader_path/Frameworks",
				);
				PRODUCT_BUNDLE_IDENTIFIER = "com.yashamostofi.Effective-GogglesTests";
				PRODUCT_NAME = "$(TARGET_NAME)";
				SWIFT_VERSION = 4.2;
				TARGETED_DEVICE_FAMILY = "1,2";
				TEST_HOST = "$(BUILT_PRODUCTS_DIR)/Effective Goggles.app/Effective Goggles";
			};
			name = Release;
		};
		D382A49E2149CE82000D287A /* Debug */ = {
			isa = XCBuildConfiguration;
			baseConfigurationReference = 94598B0412CBF4695C0FDE7C /* Pods-Effective GogglesUITests.debug.xcconfig */;
			buildSettings = {
				ALWAYS_EMBED_SWIFT_STANDARD_LIBRARIES = YES;
				CODE_SIGN_STYLE = Automatic;
				DEVELOPMENT_TEAM = K37M6EZV7J;
				INFOPLIST_FILE = "Effective GogglesUITests/Info.plist";
				LD_RUNPATH_SEARCH_PATHS = (
					"$(inherited)",
					"@executable_path/Frameworks",
					"@loader_path/Frameworks",
				);
				PRODUCT_BUNDLE_IDENTIFIER = "com.yashamostofi.Effective-GogglesUITests";
				PRODUCT_NAME = "$(TARGET_NAME)";
				SWIFT_VERSION = 4.2;
				TARGETED_DEVICE_FAMILY = "1,2";
				TEST_TARGET_NAME = "Effective Goggles";
			};
			name = Debug;
		};
		D382A49F2149CE82000D287A /* Release */ = {
			isa = XCBuildConfiguration;
			baseConfigurationReference = DBDD3607E208D59498683A49 /* Pods-Effective GogglesUITests.release.xcconfig */;
			buildSettings = {
				ALWAYS_EMBED_SWIFT_STANDARD_LIBRARIES = YES;
				CODE_SIGN_STYLE = Automatic;
				DEVELOPMENT_TEAM = K37M6EZV7J;
				INFOPLIST_FILE = "Effective GogglesUITests/Info.plist";
				LD_RUNPATH_SEARCH_PATHS = (
					"$(inherited)",
					"@executable_path/Frameworks",
					"@loader_path/Frameworks",
				);
				PRODUCT_BUNDLE_IDENTIFIER = "com.yashamostofi.Effective-GogglesUITests";
				PRODUCT_NAME = "$(TARGET_NAME)";
				SWIFT_VERSION = 4.2;
				TARGETED_DEVICE_FAMILY = "1,2";
				TEST_TARGET_NAME = "Effective Goggles";
			};
			name = Release;
		};
/* End XCBuildConfiguration section */

/* Begin XCConfigurationList section */
		D382A46A2149CE80000D287A /* Build configuration list for PBXProject "Effective Goggles" */ = {
			isa = XCConfigurationList;
			buildConfigurations = (
				D382A4952149CE82000D287A /* Debug */,
				D382A4962149CE82000D287A /* Release */,
			);
			defaultConfigurationIsVisible = 0;
			defaultConfigurationName = Release;
		};
		D382A4972149CE82000D287A /* Build configuration list for PBXNativeTarget "Effective Goggles" */ = {
			isa = XCConfigurationList;
			buildConfigurations = (
				D382A4982149CE82000D287A /* Debug */,
				D382A4992149CE82000D287A /* Release */,
			);
			defaultConfigurationIsVisible = 0;
			defaultConfigurationName = Release;
		};
		D382A49A2149CE82000D287A /* Build configuration list for PBXNativeTarget "Effective GogglesTests" */ = {
			isa = XCConfigurationList;
			buildConfigurations = (
				D382A49B2149CE82000D287A /* Debug */,
				D382A49C2149CE82000D287A /* Release */,
			);
			defaultConfigurationIsVisible = 0;
			defaultConfigurationName = Release;
		};
		D382A49D2149CE82000D287A /* Build configuration list for PBXNativeTarget "Effective GogglesUITests" */ = {
			isa = XCConfigurationList;
			buildConfigurations = (
				D382A49E2149CE82000D287A /* Debug */,
				D382A49F2149CE82000D287A /* Release */,
			);
			defaultConfigurationIsVisible = 0;
			defaultConfigurationName = Release;
		};
/* End XCConfigurationList section */
	};
	rootObject = D382A4672149CE80000D287A /* Project object */;
}
